
Microsoft Visual Studio Solution File, Format Version 12.00
# Visual Studio 2012
Project("{FAE04EC0-301F-11D3-BF4B-00C04F79EFBC}") = "CustomersTransactions", "CustomersTransactions\CustomersTransactions.csproj", "{D490C467-6F10-4404-8077-EFE761EE16A8}"
EndProject
Global
	GlobalSection(SolutionConfigurationPlatforms) = preSolution
		Debug|Any CPU = Debug|Any CPU
		Release|Any CPU = Release|Any CPU
	EndGlobalSection
	GlobalSection(ProjectConfigurationPlatforms) = postSolution
		{D490C467-6F10-4404-8077-EFE761EE16A8}.Debug|Any CPU.ActiveCfg = Debug|Any CPU
		{D490C467-6F10-4404-8077-EFE761EE16A8}.Debug|Any CPU.Build.0 = Debug|Any CPU
		{D490C467-6F10-4404-8077-EFE761EE16A8}.Release|Any CPU.ActiveCfg = Release|Any CPU
		{D490C467-6F10-4404-8077-EFE761EE16A8}.Release|Any CPU.Build.0 = Release|Any CPU
	EndGlobalSection
	GlobalSection(SolutionProperties) = preSolution
		HideSolutionNode = FALSE
	EndGlobalSection
EndGlobal
